
Microsoft Visual Studio Solution File, Format Version 12.00
# Visual Studio Version 17
VisualStudioVersion = 17.0.32126.317
MinimumVisualStudioVersion = 10.0.40219.1
Project("{FAE04EC0-301F-11D3-BF4B-00C04F79EFBC}") = "BlaineIsPain", "BlaineIsPain\BlaineIsPain.csproj", "{65A15AFD-8B3F-48B6-8DD6-8F8EDF19CD39}"
EndProject
Global
	GlobalSection(SolutionConfigurationPlatforms) = preSolution
		Debug|Any CPU = Debug|Any CPU
		Release|Any CPU = Release|Any CPU
	EndGlobalSection
	GlobalSection(ProjectConfigurationPlatforms) = postSolution
		{65A15AFD-8B3F-48B6-8DD6-8F8EDF19CD39}.Debug|Any CPU.ActiveCfg = Debug|Any CPU
		{65A15AFD-8B3F-48B6-8DD6-8F8EDF19CD39}.Debug|Any CPU.Build.0 = Debug|Any CPU
		{65A15AFD-8B3F-48B6-8DD6-8F8EDF19CD39}.Release|Any CPU.ActiveCfg = Release|Any CPU
		{65A15AFD-8B3F-48B6-8DD6-8F8EDF19CD39}.Release|Any CPU.Build.0 = Release|Any CPU
	EndGlobalSection
	GlobalSection(SolutionProperties) = preSolution
		HideSolutionNode = FALSE
	EndGlobalSection
	GlobalSection(ExtensibilityGlobals) = postSolution
		SolutionGuid = {3B4DDA40-1935-4CC5-A4BC-8E975AC9296D}
	EndGlobalSection
EndGlobal
